
Microsoft Visual Studio Solution File, Format Version 12.00
# Visual Studio Version 17
VisualStudioVersion = 17.0.31912.275
MinimumVisualStudioVersion = 10.0.40219.1
Project("{2150E333-8FDC-42A3-9474-1A3956D46DE8}") = "src", "src", "{2CA503D0-50FC-46CD-BF76-F2DE9A6CD2EB}"
EndProject
Project("{2150E333-8FDC-42A3-9474-1A3956D46DE8}") = "Test", "Test", "{CEBAF4BB-D557-44C1-B080-5D2F456E85D5}"
EndProject
Project("{FAE04EC0-301F-11D3-BF4B-00C04F79EFBC}") = "Astoneti.Microservice.BookLibrary", "src\Astoneti.Microservice.BookLibrary\Astoneti.Microservice.BookLibrary.csproj", "{BE85DC2C-D0F1-4DFD-986C-80A6126BE7D5}"
EndProject
Project("{FAE04EC0-301F-11D3-BF4B-00C04F79EFBC}") = "Astoneti.Microservice.BookLibrary.Tests", "test\Astoneti.Microservice.BookLibrary.Tests\Astoneti.Microservice.BookLibrary.Tests.csproj", "{D04FB6DA-6D4A-41A0-B0C6-CF1686415B25}"
EndProject
Project("{FAE04EC0-301F-11D3-BF4B-00C04F79EFBC}") = "Astoneti.Microservice.BookLibrary.IntegrationTests", "test\Astoneti.Microservice.BookLibrary.IntegrationTests\Astoneti.Microservice.BookLibrary.IntegrationTests.csproj", "{BAA60967-74E3-4554-9B69-4901AD6CFF53}"
EndProject
Global
	GlobalSection(SolutionConfigurationPlatforms) = preSolution
		Debug|Any CPU = Debug|Any CPU
		Release|Any CPU = Release|Any CPU
	EndGlobalSection
	GlobalSection(ProjectConfigurationPlatforms) = postSolution
		{BE85DC2C-D0F1-4DFD-986C-80A6126BE7D5}.Debug|Any CPU.ActiveCfg = Debug|Any CPU
		{BE85DC2C-D0F1-4DFD-986C-80A6126BE7D5}.Debug|Any CPU.Build.0 = Debug|Any CPU
		{BE85DC2C-D0F1-4DFD-986C-80A6126BE7D5}.Release|Any CPU.ActiveCfg = Release|Any CPU
		{BE85DC2C-D0F1-4DFD-986C-80A6126BE7D5}.Release|Any CPU.Build.0 = Release|Any CPU
		{D04FB6DA-6D4A-41A0-B0C6-CF1686415B25}.Debug|Any CPU.ActiveCfg = Debug|Any CPU
		{D04FB6DA-6D4A-41A0-B0C6-CF1686415B25}.Debug|Any CPU.Build.0 = Debug|Any CPU
		{D04FB6DA-6D4A-41A0-B0C6-CF1686415B25}.Release|Any CPU.ActiveCfg = Release|Any CPU
		{D04FB6DA-6D4A-41A0-B0C6-CF1686415B25}.Release|Any CPU.Build.0 = Release|Any CPU
		{BAA60967-74E3-4554-9B69-4901AD6CFF53}.Debug|Any CPU.ActiveCfg = Debug|Any CPU
		{BAA60967-74E3-4554-9B69-4901AD6CFF53}.Debug|Any CPU.Build.0 = Debug|Any CPU
		{BAA60967-74E3-4554-9B69-4901AD6CFF53}.Release|Any CPU.ActiveCfg = Release|Any CPU
		{BAA60967-74E3-4554-9B69-4901AD6CFF53}.Release|Any CPU.Build.0 = Release|Any CPU
	EndGlobalSection
	GlobalSection(SolutionProperties) = preSolution
		HideSolutionNode = FALSE
	EndGlobalSection
	GlobalSection(NestedProjects) = preSolution
		{BE85DC2C-D0F1-4DFD-986C-80A6126BE7D5} = {2CA503D0-50FC-46CD-BF76-F2DE9A6CD2EB}
		{D04FB6DA-6D4A-41A0-B0C6-CF1686415B25} = {CEBAF4BB-D557-44C1-B080-5D2F456E85D5}
		{BAA60967-74E3-4554-9B69-4901AD6CFF53} = {CEBAF4BB-D557-44C1-B080-5D2F456E85D5}
	EndGlobalSection
	GlobalSection(ExtensibilityGlobals) = postSolution
		SolutionGuid = {C5223D25-4291-4822-9B8B-5EE7F6BB028B}
	EndGlobalSection
EndGlobal
